
Microsoft Visual Studio Solution File, Format Version 12.00
# Visual Studio 14
VisualStudioVersion = 14.0.25420.1
MinimumVisualStudioVersion = 10.0.40219.1
Project("{FAE04EC0-301F-11D3-BF4B-00C04F79EFBC}") = "Cloud Studio", "Cloud Studio\Cloud Studio.csproj", "{A906CD1F-F561-4AC4-808E-5FDF9A132D56}"
EndProject
Project("{FAE04EC0-301F-11D3-BF4B-00C04F79EFBC}") = "Cloud Studio Data Access", "Cloud Studio Data Access\Cloud Studio Data Access.csproj", "{75A1941B-A944-4645-B277-0344710D583C}"
EndProject
Project("{FAE04EC0-301F-11D3-BF4B-00C04F79EFBC}") = "Cloud Studio Services", "Cloud Studio Services\Cloud Studio Services.csproj", "{5D13A362-B4A1-4D18-8483-907E76ACC675}"
EndProject
Project("{FAE04EC0-301F-11D3-BF4B-00C04F79EFBC}") = "Cloud Studio Shared Library", "Cloud Studio Shared Library\Cloud Studio Shared Library.csproj", "{32119F01-1E89-45FB-8779-B5871AFFFA02}"
EndProject
Project("{FAE04EC0-301F-11D3-BF4B-00C04F79EFBC}") = "Cloud Studio Controls", "Cloud Studio Controls\Cloud Studio Controls.csproj", "{DA43DC29-D3C1-4B27-BFB7-A35368FCAF22}"
EndProject
Project("{2150E333-8FDC-42A3-9474-1A3956D46DE8}") = ".nuget", ".nuget", "{95EDC478-753B-47CE-BB2D-EC21DB1F421F}"
EndProject
Project("{FAE04EC0-301F-11D3-BF4B-00C04F79EFBC}") = "WinFormsUI", "Dock Panel Suite\WinFormsUI.csproj", "{C75532C4-765B-418E-B09B-46D36B2ABDB1}"
EndProject
Global
	GlobalSection(SolutionConfigurationPlatforms) = preSolution
		CD_ROM|Any CPU = CD_ROM|Any CPU
		CD_ROM|x64 = CD_ROM|x64
		CD_ROM|x86 = CD_ROM|x86
		Debug|Any CPU = Debug|Any CPU
		Debug|x64 = Debug|x64
		Debug|x86 = Debug|x86
		DVD-5|Any CPU = DVD-5|Any CPU
		DVD-5|x64 = DVD-5|x64
		DVD-5|x86 = DVD-5|x86
		Release|Any CPU = Release|Any CPU
		Release|x64 = Release|x64
		Release|x86 = Release|x86
		SingleImage|Any CPU = SingleImage|Any CPU
		SingleImage|x64 = SingleImage|x64
		SingleImage|x86 = SingleImage|x86
	EndGlobalSection
	GlobalSection(ProjectConfigurationPlatforms) = postSolution
		{A906CD1F-F561-4AC4-808E-5FDF9A132D56}.CD_ROM|Any CPU.ActiveCfg = Release|Any CPU
		{A906CD1F-F561-4AC4-808E-5FDF9A132D56}.CD_ROM|Any CPU.Build.0 = Release|Any CPU
		{A906CD1F-F561-4AC4-808E-5FDF9A132D56}.CD_ROM|x64.ActiveCfg = Release|x64
		{A906CD1F-F561-4AC4-808E-5FDF9A132D56}.CD_ROM|x64.Build.0 = Release|x64
		{A906CD1F-F561-4AC4-808E-5FDF9A132D56}.CD_ROM|x86.ActiveCfg = Release|x86
		{A906CD1F-F561-4AC4-808E-5FDF9A132D56}.CD_ROM|x86.Build.0 = Release|x86
		{A906CD1F-F561-4AC4-808E-5FDF9A132D56}.Debug|Any CPU.ActiveCfg = Debug|Any CPU
		{A906CD1F-F561-4AC4-808E-5FDF9A132D56}.Debug|Any CPU.Build.0 = Debug|Any CPU
		{A906CD1F-F561-4AC4-808E-5FDF9A132D56}.Debug|x64.ActiveCfg = Debug|x64
		{A906CD1F-F561-4AC4-808E-5FDF9A132D56}.Debug|x64.Build.0 = Debug|x64
		{A906CD1F-F561-4AC4-808E-5FDF9A132D56}.Debug|x86.ActiveCfg = Debug|x86
		{A906CD1F-F561-4AC4-808E-5FDF9A132D56}.Debug|x86.Build.0 = Debug|x86
		{A906CD1F-F561-4AC4-808E-5FDF9A132D56}.DVD-5|Any CPU.ActiveCfg = Debug|Any CPU
		{A906CD1F-F561-4AC4-808E-5FDF9A132D56}.DVD-5|Any CPU.Build.0 = Debug|Any CPU
		{A906CD1F-F561-4AC4-808E-5FDF9A132D56}.DVD-5|x64.ActiveCfg = Debug|x64
		{A906CD1F-F561-4AC4-808E-5FDF9A132D56}.DVD-5|x64.Build.0 = Debug|x64
		{A906CD1F-F561-4AC4-808E-5FDF9A132D56}.DVD-5|x86.ActiveCfg = Debug|x86
		{A906CD1F-F561-4AC4-808E-5FDF9A132D56}.DVD-5|x86.Build.0 = Debug|x86
		{A906CD1F-F561-4AC4-808E-5FDF9A132D56}.Release|Any CPU.ActiveCfg = Release|Any CPU
		{A906CD1F-F561-4AC4-808E-5FDF9A132D56}.Release|Any CPU.Build.0 = Release|Any CPU
		{A906CD1F-F561-4AC4-808E-5FDF9A132D56}.Release|x64.ActiveCfg = Release|x64
		{A906CD1F-F561-4AC4-808E-5FDF9A132D56}.Release|x64.Build.0 = Release|x64
		{A906CD1F-F561-4AC4-808E-5FDF9A132D56}.Release|x86.ActiveCfg = Release|Any CPU
		{A906CD1F-F561-4AC4-808E-5FDF9A132D56}.Release|x86.Build.0 = Release|Any CPU
		{A906CD1F-F561-4AC4-808E-5FDF9A132D56}.SingleImage|Any CPU.ActiveCfg = Release|Any CPU
		{A906CD1F-F561-4AC4-808E-5FDF9A132D56}.SingleImage|Any CPU.Build.0 = Release|Any CPU
		{A906CD1F-F561-4AC4-808E-5FDF9A132D56}.SingleImage|x64.ActiveCfg = Release|x64
		{A906CD1F-F561-4AC4-808E-5FDF9A132D56}.SingleImage|x64.Build.0 = Release|x64
		{A906CD1F-F561-4AC4-808E-5FDF9A132D56}.SingleImage|x86.ActiveCfg = Release|x86
		{A906CD1F-F561-4AC4-808E-5FDF9A132D56}.SingleImage|x86.Build.0 = Release|x86
		{75A1941B-A944-4645-B277-0344710D583C}.CD_ROM|Any CPU.ActiveCfg = Release|Any CPU
		{75A1941B-A944-4645-B277-0344710D583C}.CD_ROM|Any CPU.Build.0 = Release|Any CPU
		{75A1941B-A944-4645-B277-0344710D583C}.CD_ROM|x64.ActiveCfg = Release|x64
		{75A1941B-A944-4645-B277-0344710D583C}.CD_ROM|x64.Build.0 = Release|x64
		{75A1941B-A944-4645-B277-0344710D583C}.CD_ROM|x86.ActiveCfg = Release|x86
		{75A1941B-A944-4645-B277-0344710D583C}.CD_ROM|x86.Build.0 = Release|x86
		{75A1941B-A944-4645-B277-0344710D583C}.Debug|Any CPU.ActiveCfg = Debug|Any CPU
		{75A1941B-A944-4645-B277-0344710D583C}.Debug|Any CPU.Build.0 = Debug|Any CPU
		{75A1941B-A944-4645-B277-0344710D583C}.Debug|x64.ActiveCfg = Debug|x64
		{75A1941B-A944-4645-B277-0344710D583C}.Debug|x64.Build.0 = Debug|x64
		{75A1941B-A944-4645-B277-0344710D583C}.Debug|x86.ActiveCfg = Debug|x86
		{75A1941B-A944-4645-B277-0344710D583C}.Debug|x86.Build.0 = Debug|x86
		{75A1941B-A944-4645-B277-0344710D583C}.DVD-5|Any CPU.ActiveCfg = Debug|Any CPU
		{75A1941B-A944-4645-B277-0344710D583C}.DVD-5|Any CPU.Build.0 = Debug|Any CPU
		{75A1941B-A944-4645-B277-0344710D583C}.DVD-5|x64.ActiveCfg = Debug|x64
		{75A1941B-A944-4645-B277-0344710D583C}.DVD-5|x64.Build.0 = Debug|x64
		{75A1941B-A944-4645-B277-0344710D583C}.DVD-5|x86.ActiveCfg = Debug|x86
		{75A1941B-A944-4645-B277-0344710D583C}.DVD-5|x86.Build.0 = Debug|x86
		{75A1941B-A944-4645-B277-0344710D583C}.Release|Any CPU.ActiveCfg = Release|Any CPU
		{75A1941B-A944-4645-B277-0344710D583C}.Release|Any CPU.Build.0 = Release|Any CPU
		{75A1941B-A944-4645-B277-0344710D583C}.Release|x64.ActiveCfg = Release|x64
		{75A1941B-A944-4645-B277-0344710D583C}.Release|x64.Build.0 = Release|x64
		{75A1941B-A944-4645-B277-0344710D583C}.Release|x86.ActiveCfg = Release|x86
		{75A1941B-A944-4645-B277-0344710D583C}.Release|x86.Build.0 = Release|x86
		{75A1941B-A944-4645-B277-0344710D583C}.SingleImage|Any CPU.ActiveCfg = Release|Any CPU
		{75A1941B-A944-4645-B277-0344710D583C}.SingleImage|Any CPU.Build.0 = Release|Any CPU
		{75A1941B-A944-4645-B277-0344710D583C}.SingleImage|x64.ActiveCfg = Release|x64
		{75A1941B-A944-4645-B277-0344710D583C}.SingleImage|x64.Build.0 = Release|x64
		{75A1941B-A944-4645-B277-0344710D583C}.SingleImage|x86.ActiveCfg = Release|x86
		{75A1941B-A944-4645-B277-0344710D583C}.SingleImage|x86.Build.0 = Release|x86
		{5D13A362-B4A1-4D18-8483-907E76ACC675}.CD_ROM|Any CPU.ActiveCfg = Release|Any CPU
		{5D13A362-B4A1-4D18-8483-907E76ACC675}.CD_ROM|Any CPU.Build.0 = Release|Any CPU
		{5D13A362-B4A1-4D18-8483-907E76ACC675}.CD_ROM|x64.ActiveCfg = Release|x64
		{5D13A362-B4A1-4D18-8483-907E76ACC675}.CD_ROM|x64.Build.0 = Release|x64
		{5D13A362-B4A1-4D18-8483-907E76ACC675}.CD_ROM|x86.ActiveCfg = Release|x86
		{5D13A362-B4A1-4D18-8483-907E76ACC675}.CD_ROM|x86.Build.0 = Release|x86
		{5D13A362-B4A1-4D18-8483-907E76ACC675}.Debug|Any CPU.ActiveCfg = Debug|Any CPU
		{5D13A362-B4A1-4D18-8483-907E76ACC675}.Debug|Any CPU.Build.0 = Debug|Any CPU
		{5D13A362-B4A1-4D18-8483-907E76ACC675}.Debug|x64.ActiveCfg = Debug|x64
		{5D13A362-B4A1-4D18-8483-907E76ACC675}.Debug|x64.Build.0 = Debug|x64
		{5D13A362-B4A1-4D18-8483-907E76ACC675}.Debug|x86.ActiveCfg = Debug|x86
		{5D13A362-B4A1-4D18-8483-907E76ACC675}.Debug|x86.Build.0 = Debug|x86
		{5D13A362-B4A1-4D18-8483-907E76ACC675}.DVD-5|Any CPU.ActiveCfg = Debug|Any CPU
		{5D13A362-B4A1-4D18-8483-907E76ACC675}.DVD-5|Any CPU.Build.0 = Debug|Any CPU
		{5D13A362-B4A1-4D18-8483-907E76ACC675}.DVD-5|x64.ActiveCfg = Debug|x64
		{5D13A362-B4A1-4D18-8483-907E76ACC675}.DVD-5|x64.Build.0 = Debug|x64
		{5D13A362-B4A1-4D18-8483-907E76ACC675}.DVD-5|x86.ActiveCfg = Debug|x86
		{5D13A362-B4A1-4D18-8483-907E76ACC675}.DVD-5|x86.Build.0 = Debug|x86
		{5D13A362-B4A1-4D18-8483-907E76ACC675}.Release|Any CPU.ActiveCfg = Release|Any CPU
		{5D13A362-B4A1-4D18-8483-907E76ACC675}.Release|Any CPU.Build.0 = Release|Any CPU
		{5D13A362-B4A1-4D18-8483-907E76ACC675}.Release|x64.ActiveCfg = Release|x64
		{5D13A362-B4A1-4D18-8483-907E76ACC675}.Release|x64.Build.0 = Release|x64
		{5D13A362-B4A1-4D18-8483-907E76ACC675}.Release|x86.ActiveCfg = Release|x86
		{5D13A362-B4A1-4D18-8483-907E76ACC675}.Release|x86.Build.0 = Release|x86
		{5D13A362-B4A1-4D18-8483-907E76ACC675}.SingleImage|Any CPU.ActiveCfg = Release|Any CPU
		{5D13A362-B4A1-4D18-8483-907E76ACC675}.SingleImage|Any CPU.Build.0 = Release|Any CPU
		{5D13A362-B4A1-4D18-8483-907E76ACC675}.SingleImage|x64.ActiveCfg = Release|x64
		{5D13A362-B4A1-4D18-8483-907E76ACC675}.SingleImage|x64.Build.0 = Release|x64
		{5D13A362-B4A1-4D18-8483-907E76ACC675}.SingleImage|x86.ActiveCfg = Release|x86
		{5D13A362-B4A1-4D18-8483-907E76ACC675}.SingleImage|x86.Build.0 = Release|x86
		{32119F01-1E89-45FB-8779-B5871AFFFA02}.CD_ROM|Any CPU.ActiveCfg = Release|Any CPU
		{32119F01-1E89-45FB-8779-B5871AFFFA02}.CD_ROM|Any CPU.Build.0 = Release|Any CPU
		{32119F01-1E89-45FB-8779-B5871AFFFA02}.CD_ROM|x64.ActiveCfg = Release|x64
		{32119F01-1E89-45FB-8779-B5871AFFFA02}.CD_ROM|x64.Build.0 = Release|x64
		{32119F01-1E89-45FB-8779-B5871AFFFA02}.CD_ROM|x86.ActiveCfg = Release|x86
		{32119F01-1E89-45FB-8779-B5871AFFFA02}.CD_ROM|x86.Build.0 = Release|x86
		{32119F01-1E89-45FB-8779-B5871AFFFA02}.Debug|Any CPU.ActiveCfg = Debug|Any CPU
		{32119F01-1E89-45FB-8779-B5871AFFFA02}.Debug|Any CPU.Build.0 = Debug|Any CPU
		{32119F01-1E89-45FB-8779-B5871AFFFA02}.Debug|x64.ActiveCfg = Debug|x64
		{32119F01-1E89-45FB-8779-B5871AFFFA02}.Debug|x64.Build.0 = Debug|x64
		{32119F01-1E89-45FB-8779-B5871AFFFA02}.Debug|x86.ActiveCfg = Debug|x86
		{32119F01-1E89-45FB-8779-B5871AFFFA02}.Debug|x86.Build.0 = Debug|x86
		{32119F01-1E89-45FB-8779-B5871AFFFA02}.DVD-5|Any CPU.ActiveCfg = Debug|Any CPU
		{32119F01-1E89-45FB-8779-B5871AFFFA02}.DVD-5|Any CPU.Build.0 = Debug|Any CPU
		{32119F01-1E89-45FB-8779-B5871AFFFA02}.DVD-5|x64.ActiveCfg = Debug|x64
		{32119F01-1E89-45FB-8779-B5871AFFFA02}.DVD-5|x64.Build.0 = Debug|x64
		{32119F01-1E89-45FB-8779-B5871AFFFA02}.DVD-5|x86.ActiveCfg = Debug|x86
		{32119F01-1E89-45FB-8779-B5871AFFFA02}.DVD-5|x86.Build.0 = Debug|x86
		{32119F01-1E89-45FB-8779-B5871AFFFA02}.Release|Any CPU.ActiveCfg = Release|Any CPU
		{32119F01-1E89-45FB-8779-B5871AFFFA02}.Release|Any CPU.Build.0 = Release|Any CPU
		{32119F01-1E89-45FB-8779-B5871AFFFA02}.Release|x64.ActiveCfg = Release|x64
		{32119F01-1E89-45FB-8779-B5871AFFFA02}.Release|x64.Build.0 = Release|x64
		{32119F01-1E89-45FB-8779-B5871AFFFA02}.Release|x86.ActiveCfg = Release|x86
		{32119F01-1E89-45FB-8779-B5871AFFFA02}.Release|x86.Build.0 = Release|x86
		{32119F01-1E89-45FB-8779-B5871AFFFA02}.SingleImage|Any CPU.ActiveCfg = Release|Any CPU
		{32119F01-1E89-45FB-8779-B5871AFFFA02}.SingleImage|Any CPU.Build.0 = Release|Any CPU
		{32119F01-1E89-45FB-8779-B5871AFFFA02}.SingleImage|x64.ActiveCfg = Release|x64
		{32119F01-1E89-45FB-8779-B5871AFFFA02}.SingleImage|x64.Build.0 = Release|x64
		{32119F01-1E89-45FB-8779-B5871AFFFA02}.SingleImage|x86.ActiveCfg = Release|x86
		{32119F01-1E89-45FB-8779-B5871AFFFA02}.SingleImage|x86.Build.0 = Release|x86
		{DA43DC29-D3C1-4B27-BFB7-A35368FCAF22}.CD_ROM|Any CPU.ActiveCfg = Release|Any CPU
		{DA43DC29-D3C1-4B27-BFB7-A35368FCAF22}.CD_ROM|Any CPU.Build.0 = Release|Any CPU
		{DA43DC29-D3C1-4B27-BFB7-A35368FCAF22}.CD_ROM|x64.ActiveCfg = Debug|x64
		{DA43DC29-D3C1-4B27-BFB7-A35368FCAF22}.CD_ROM|x64.Build.0 = Debug|x64
		{DA43DC29-D3C1-4B27-BFB7-A35368FCAF22}.CD_ROM|x86.ActiveCfg = Debug|x86
		{DA43DC29-D3C1-4B27-BFB7-A35368FCAF22}.CD_ROM|x86.Build.0 = Debug|x86
		{DA43DC29-D3C1-4B27-BFB7-A35368FCAF22}.Debug|Any CPU.ActiveCfg = Debug|Any CPU
		{DA43DC29-D3C1-4B27-BFB7-A35368FCAF22}.Debug|Any CPU.Build.0 = Debug|Any CPU
		{DA43DC29-D3C1-4B27-BFB7-A35368FCAF22}.Debug|x64.ActiveCfg = Debug|Any CPU
		{DA43DC29-D3C1-4B27-BFB7-A35368FCAF22}.Debug|x86.ActiveCfg = Debug|Any CPU
		{DA43DC29-D3C1-4B27-BFB7-A35368FCAF22}.DVD-5|Any CPU.ActiveCfg = Debug|Any CPU
		{DA43DC29-D3C1-4B27-BFB7-A35368FCAF22}.DVD-5|Any CPU.Build.0 = Debug|Any CPU
		{DA43DC29-D3C1-4B27-BFB7-A35368FCAF22}.DVD-5|x64.ActiveCfg = Debug|x64
		{DA43DC29-D3C1-4B27-BFB7-A35368FCAF22}.DVD-5|x64.Build.0 = Debug|x64
		{DA43DC29-D3C1-4B27-BFB7-A35368FCAF22}.DVD-5|x86.ActiveCfg = Debug|x86
		{DA43DC29-D3C1-4B27-BFB7-A35368FCAF22}.DVD-5|x86.Build.0 = Debug|x86
		{DA43DC29-D3C1-4B27-BFB7-A35368FCAF22}.Release|Any CPU.ActiveCfg = Release|Any CPU
		{DA43DC29-D3C1-4B27-BFB7-A35368FCAF22}.Release|Any CPU.Build.0 = Release|Any CPU
		{DA43DC29-D3C1-4B27-BFB7-A35368FCAF22}.Release|x64.ActiveCfg = Release|x64
		{DA43DC29-D3C1-4B27-BFB7-A35368FCAF22}.Release|x64.Build.0 = Release|x64
		{DA43DC29-D3C1-4B27-BFB7-A35368FCAF22}.Release|x86.ActiveCfg = Release|x86
		{DA43DC29-D3C1-4B27-BFB7-A35368FCAF22}.Release|x86.Build.0 = Release|x86
		{DA43DC29-D3C1-4B27-BFB7-A35368FCAF22}.SingleImage|Any CPU.ActiveCfg = Release|Any CPU
		{DA43DC29-D3C1-4B27-BFB7-A35368FCAF22}.SingleImage|Any CPU.Build.0 = Release|Any CPU
		{DA43DC29-D3C1-4B27-BFB7-A35368FCAF22}.SingleImage|x64.ActiveCfg = Debug|x64
		{DA43DC29-D3C1-4B27-BFB7-A35368FCAF22}.SingleImage|x64.Build.0 = Debug|x64
		{DA43DC29-D3C1-4B27-BFB7-A35368FCAF22}.SingleImage|x86.ActiveCfg = Debug|x86
		{DA43DC29-D3C1-4B27-BFB7-A35368FCAF22}.SingleImage|x86.Build.0 = Debug|x86
		{C75532C4-765B-418E-B09B-46D36B2ABDB1}.CD_ROM|Any CPU.ActiveCfg = Release|Any CPU
		{C75532C4-765B-418E-B09B-46D36B2ABDB1}.CD_ROM|Any CPU.Build.0 = Release|Any CPU
		{C75532C4-765B-418E-B09B-46D36B2ABDB1}.CD_ROM|x64.ActiveCfg = Release|Any CPU
		{C75532C4-765B-418E-B09B-46D36B2ABDB1}.CD_ROM|x86.ActiveCfg = Release|Any CPU
		{C75532C4-765B-418E-B09B-46D36B2ABDB1}.Debug|Any CPU.ActiveCfg = Debug|Any CPU
		{C75532C4-765B-418E-B09B-46D36B2ABDB1}.Debug|Any CPU.Build.0 = Debug|Any CPU
		{C75532C4-765B-418E-B09B-46D36B2ABDB1}.Debug|x64.ActiveCfg = Debug|Any CPU
		{C75532C4-765B-418E-B09B-46D36B2ABDB1}.Debug|x86.ActiveCfg = Debug|Any CPU
		{C75532C4-765B-418E-B09B-46D36B2ABDB1}.DVD-5|Any CPU.ActiveCfg = Debug|Any CPU
		{C75532C4-765B-418E-B09B-46D36B2ABDB1}.DVD-5|Any CPU.Build.0 = Debug|Any CPU
		{C75532C4-765B-418E-B09B-46D36B2ABDB1}.DVD-5|x64.ActiveCfg = Debug|Any CPU
		{C75532C4-765B-418E-B09B-46D36B2ABDB1}.DVD-5|x86.ActiveCfg = Debug|Any CPU
		{C75532C4-765B-418E-B09B-46D36B2ABDB1}.Release|Any CPU.ActiveCfg = Release|Any CPU
		{C75532C4-765B-418E-B09B-46D36B2ABDB1}.Release|Any CPU.Build.0 = Release|Any CPU
		{C75532C4-765B-418E-B09B-46D36B2ABDB1}.Release|x64.ActiveCfg = Release|Any CPU
		{C75532C4-765B-418E-B09B-46D36B2ABDB1}.Release|x86.ActiveCfg = Release|Any CPU
		{C75532C4-765B-418E-B09B-46D36B2ABDB1}.SingleImage|Any CPU.ActiveCfg = Release|Any CPU
		{C75532C4-765B-418E-B09B-46D36B2ABDB1}.SingleImage|Any CPU.Build.0 = Release|Any CPU
		{C75532C4-765B-418E-B09B-46D36B2ABDB1}.SingleImage|x64.ActiveCfg = Release|Any CPU
		{C75532C4-765B-418E-B09B-46D36B2ABDB1}.SingleImage|x86.ActiveCfg = Release|Any CPU
	EndGlobalSection
	GlobalSection(SolutionProperties) = preSolution
		HideSolutionNode = FALSE
	EndGlobalSection
EndGlobal
